
Microsoft Visual Studio Solution File, Format Version 12.00
# Visual Studio Version 16
VisualStudioVersion = 16.0.30011.22
MinimumVisualStudioVersion = 10.0.40219.1
Project("{D954291E-2A0B-460D-934E-DC6B0785DB48}") = "MindPlan.MainUI.Shared", "MindPlan.MainUI\MindPlan.MainUI.Shared\MindPlan.MainUI.Shared.shproj", "{6279C845-92F8-4333-AB99-3D213163593C}"
EndProject
Project("{FAE04EC0-301F-11D3-BF4B-00C04F79EFBC}") = "MindPlan.MainUI.Droid", "MindPlan.MainUI\MindPlan.MainUI.Droid\MindPlan.MainUI.Droid.csproj", "{C327D593-F94F-4518-BB96-C45DE533E94F}"
EndProject
Project("{FAE04EC0-301F-11D3-BF4B-00C04F79EFBC}") = "MindPlan.MainUI.iOS", "MindPlan.MainUI\MindPlan.MainUI.iOS\MindPlan.MainUI.iOS.csproj", "{DADF897C-E144-4B40-880B-C4F9F3CD4C15}"
EndProject
Project("{FAE04EC0-301F-11D3-BF4B-00C04F79EFBC}") = "MindPlan.MainUI.UWP", "MindPlan.MainUI\MindPlan.MainUI.UWP\MindPlan.MainUI.UWP.csproj", "{F586289D-8631-4FD4-BFCB-3E18B782E308}"
EndProject
Project("{9A19103F-16F7-4668-BE54-9A1E7A4F7556}") = "MindPlan.MainUI.Wasm", "MindPlan.MainUI\MindPlan.MainUI.Wasm\MindPlan.MainUI.Wasm.csproj", "{3465C1A4-A503-4B1C-B5F5-338DA4EEDEB5}"
EndProject
Project("{9A19103F-16F7-4668-BE54-9A1E7A4F7556}") = "MindPlan.Shared", "MindPlan.Shared\MindPlan.Shared.csproj", "{EE2991D5-6F55-4221-B2F9-1913FDE2174B}"
EndProject
Project("{FAE04EC0-301F-11D3-BF4B-00C04F79EFBC}") = "MindPlan.Json", "MindPlan.Json\MindPlan.Json.csproj", "{F3674B6C-9EE6-4997-B513-8FF78067A8F6}"
EndProject
Project("{FAE04EC0-301F-11D3-BF4B-00C04F79EFBC}") = "MindPlan.Json.UnitTests", "MindPlan.Json.UnitTests\MindPlan.Json.UnitTests.csproj", "{40D2C3BD-5463-461D-9F7E-F97D1EC72F70}"
EndProject
Global
	GlobalSection(SharedMSBuildProjectFiles) = preSolution
		MindPlan.MainUI\MindPlan.MainUI.Shared\MindPlan.MainUI.Shared.projitems*{3465c1a4-a503-4b1c-b5f5-338da4eedeb5}*SharedItemsImports = 5
		MindPlan.MainUI\MindPlan.MainUI.Shared\MindPlan.MainUI.Shared.projitems*{6279c845-92f8-4333-ab99-3d213163593c}*SharedItemsImports = 13
		MindPlan.MainUI\MindPlan.MainUI.Shared\MindPlan.MainUI.Shared.projitems*{c327d593-f94f-4518-bb96-c45de533e94f}*SharedItemsImports = 4
		MindPlan.MainUI\MindPlan.MainUI.Shared\MindPlan.MainUI.Shared.projitems*{dadf897c-e144-4b40-880b-c4f9f3cd4c15}*SharedItemsImports = 4
		MindPlan.MainUI\MindPlan.MainUI.Shared\MindPlan.MainUI.Shared.projitems*{f586289d-8631-4fd4-bfcb-3e18b782e308}*SharedItemsImports = 4
	EndGlobalSection
	GlobalSection(SolutionConfigurationPlatforms) = preSolution
		Ad-Hoc|Any CPU = Ad-Hoc|Any CPU
		Ad-Hoc|ARM = Ad-Hoc|ARM
		Ad-Hoc|iPhone = Ad-Hoc|iPhone
		Ad-Hoc|iPhoneSimulator = Ad-Hoc|iPhoneSimulator
		Ad-Hoc|x64 = Ad-Hoc|x64
		Ad-Hoc|x86 = Ad-Hoc|x86
		AppStore|Any CPU = AppStore|Any CPU
		AppStore|ARM = AppStore|ARM
		AppStore|iPhone = AppStore|iPhone
		AppStore|iPhoneSimulator = AppStore|iPhoneSimulator
		AppStore|x64 = AppStore|x64
		AppStore|x86 = AppStore|x86
		Debug|Any CPU = Debug|Any CPU
		Debug|ARM = Debug|ARM
		Debug|iPhone = Debug|iPhone
		Debug|iPhoneSimulator = Debug|iPhoneSimulator
		Debug|x64 = Debug|x64
		Debug|x86 = Debug|x86
		Release|Any CPU = Release|Any CPU
		Release|ARM = Release|ARM
		Release|iPhone = Release|iPhone
		Release|iPhoneSimulator = Release|iPhoneSimulator
		Release|x64 = Release|x64
		Release|x86 = Release|x86
	EndGlobalSection
	GlobalSection(ProjectConfigurationPlatforms) = postSolution
		{C327D593-F94F-4518-BB96-C45DE533E94F}.Ad-Hoc|Any CPU.ActiveCfg = Release|Any CPU
		{C327D593-F94F-4518-BB96-C45DE533E94F}.Ad-Hoc|Any CPU.Build.0 = Release|Any CPU
		{C327D593-F94F-4518-BB96-C45DE533E94F}.Ad-Hoc|Any CPU.Deploy.0 = Release|Any CPU
		{C327D593-F94F-4518-BB96-C45DE533E94F}.Ad-Hoc|ARM.ActiveCfg = Release|Any CPU
		{C327D593-F94F-4518-BB96-C45DE533E94F}.Ad-Hoc|ARM.Build.0 = Release|Any CPU
		{C327D593-F94F-4518-BB96-C45DE533E94F}.Ad-Hoc|ARM.Deploy.0 = Release|Any CPU
		{C327D593-F94F-4518-BB96-C45DE533E94F}.Ad-Hoc|iPhone.ActiveCfg = Release|Any CPU
		{C327D593-F94F-4518-BB96-C45DE533E94F}.Ad-Hoc|iPhone.Build.0 = Release|Any CPU
		{C327D593-F94F-4518-BB96-C45DE533E94F}.Ad-Hoc|iPhone.Deploy.0 = Release|Any CPU
		{C327D593-F94F-4518-BB96-C45DE533E94F}.Ad-Hoc|iPhoneSimulator.ActiveCfg = Release|Any CPU
		{C327D593-F94F-4518-BB96-C45DE533E94F}.Ad-Hoc|iPhoneSimulator.Build.0 = Release|Any CPU
		{C327D593-F94F-4518-BB96-C45DE533E94F}.Ad-Hoc|iPhoneSimulator.Deploy.0 = Release|Any CPU
		{C327D593-F94F-4518-BB96-C45DE533E94F}.Ad-Hoc|x64.ActiveCfg = Release|Any CPU
		{C327D593-F94F-4518-BB96-C45DE533E94F}.Ad-Hoc|x64.Build.0 = Release|Any CPU
		{C327D593-F94F-4518-BB96-C45DE533E94F}.Ad-Hoc|x64.Deploy.0 = Release|Any CPU
		{C327D593-F94F-4518-BB96-C45DE533E94F}.Ad-Hoc|x86.ActiveCfg = Release|Any CPU
		{C327D593-F94F-4518-BB96-C45DE533E94F}.Ad-Hoc|x86.Build.0 = Release|Any CPU
		{C327D593-F94F-4518-BB96-C45DE533E94F}.Ad-Hoc|x86.Deploy.0 = Release|Any CPU
		{C327D593-F94F-4518-BB96-C45DE533E94F}.AppStore|Any CPU.ActiveCfg = Release|Any CPU
		{C327D593-F94F-4518-BB96-C45DE533E94F}.AppStore|Any CPU.Build.0 = Release|Any CPU
		{C327D593-F94F-4518-BB96-C45DE533E94F}.AppStore|Any CPU.Deploy.0 = Release|Any CPU
		{C327D593-F94F-4518-BB96-C45DE533E94F}.AppStore|ARM.ActiveCfg = Release|Any CPU
		{C327D593-F94F-4518-BB96-C45DE533E94F}.AppStore|ARM.Build.0 = Release|Any CPU
		{C327D593-F94F-4518-BB96-C45DE533E94F}.AppStore|ARM.Deploy.0 = Release|Any CPU
		{C327D593-F94F-4518-BB96-C45DE533E94F}.AppStore|iPhone.ActiveCfg = Release|Any CPU
		{C327D593-F94F-4518-BB96-C45DE533E94F}.AppStore|iPhone.Build.0 = Release|Any CPU
		{C327D593-F94F-4518-BB96-C45DE533E94F}.AppStore|iPhone.Deploy.0 = Release|Any CPU
		{C327D593-F94F-4518-BB96-C45DE533E94F}.AppStore|iPhoneSimulator.ActiveCfg = Release|Any CPU
		{C327D593-F94F-4518-BB96-C45DE533E94F}.AppStore|iPhoneSimulator.Build.0 = Release|Any CPU
		{C327D593-F94F-4518-BB96-C45DE533E94F}.AppStore|iPhoneSimulator.Deploy.0 = Release|Any CPU
		{C327D593-F94F-4518-BB96-C45DE533E94F}.AppStore|x64.ActiveCfg = Release|Any CPU
		{C327D593-F94F-4518-BB96-C45DE533E94F}.AppStore|x64.Build.0 = Release|Any CPU
		{C327D593-F94F-4518-BB96-C45DE533E94F}.AppStore|x64.Deploy.0 = Release|Any CPU
		{C327D593-F94F-4518-BB96-C45DE533E94F}.AppStore|x86.ActiveCfg = Release|Any CPU
		{C327D593-F94F-4518-BB96-C45DE533E94F}.AppStore|x86.Build.0 = Release|Any CPU
		{C327D593-F94F-4518-BB96-C45DE533E94F}.AppStore|x86.Deploy.0 = Release|Any CPU
		{C327D593-F94F-4518-BB96-C45DE533E94F}.Debug|Any CPU.ActiveCfg = Debug|Any CPU
		{C327D593-F94F-4518-BB96-C45DE533E94F}.Debug|Any CPU.Build.0 = Debug|Any CPU
		{C327D593-F94F-4518-BB96-C45DE533E94F}.Debug|Any CPU.Deploy.0 = Debug|Any CPU
		{C327D593-F94F-4518-BB96-C45DE533E94F}.Debug|ARM.ActiveCfg = Debug|Any CPU
		{C327D593-F94F-4518-BB96-C45DE533E94F}.Debug|ARM.Build.0 = Debug|Any CPU
		{C327D593-F94F-4518-BB96-C45DE533E94F}.Debug|ARM.Deploy.0 = Debug|Any CPU
		{C327D593-F94F-4518-BB96-C45DE533E94F}.Debug|iPhone.ActiveCfg = Debug|Any CPU
		{C327D593-F94F-4518-BB96-C45DE533E94F}.Debug|iPhone.Build.0 = Debug|Any CPU
		{C327D593-F94F-4518-BB96-C45DE533E94F}.Debug|iPhone.Deploy.0 = Debug|Any CPU
		{C327D593-F94F-4518-BB96-C45DE533E94F}.Debug|iPhoneSimulator.ActiveCfg = Debug|Any CPU
		{C327D593-F94F-4518-BB96-C45DE533E94F}.Debug|iPhoneSimulator.Build.0 = Debug|Any CPU
		{C327D593-F94F-4518-BB96-C45DE533E94F}.Debug|iPhoneSimulator.Deploy.0 = Debug|Any CPU
		{C327D593-F94F-4518-BB96-C45DE533E94F}.Debug|x64.ActiveCfg = Debug|Any CPU
		{C327D593-F94F-4518-BB96-C45DE533E94F}.Debug|x64.Build.0 = Debug|Any CPU
		{C327D593-F94F-4518-BB96-C45DE533E94F}.Debug|x64.Deploy.0 = Debug|Any CPU
		{C327D593-F94F-4518-BB96-C45DE533E94F}.Debug|x86.ActiveCfg = Debug|Any CPU
		{C327D593-F94F-4518-BB96-C45DE533E94F}.Debug|x86.Build.0 = Debug|Any CPU
		{C327D593-F94F-4518-BB96-C45DE533E94F}.Debug|x86.Deploy.0 = Debug|Any CPU
		{C327D593-F94F-4518-BB96-C45DE533E94F}.Release|Any CPU.ActiveCfg = Release|Any CPU
		{C327D593-F94F-4518-BB96-C45DE533E94F}.Release|Any CPU.Build.0 = Release|Any CPU
		{C327D593-F94F-4518-BB96-C45DE533E94F}.Release|Any CPU.Deploy.0 = Release|Any CPU
		{C327D593-F94F-4518-BB96-C45DE533E94F}.Release|ARM.ActiveCfg = Release|Any CPU
		{C327D593-F94F-4518-BB96-C45DE533E94F}.Release|ARM.Build.0 = Release|Any CPU
		{C327D593-F94F-4518-BB96-C45DE533E94F}.Release|ARM.Deploy.0 = Release|Any CPU
		{C327D593-F94F-4518-BB96-C45DE533E94F}.Release|iPhone.ActiveCfg = Release|Any CPU
		{C327D593-F94F-4518-BB96-C45DE533E94F}.Release|iPhone.Build.0 = Release|Any CPU
		{C327D593-F94F-4518-BB96-C45DE533E94F}.Release|iPhone.Deploy.0 = Release|Any CPU
		{C327D593-F94F-4518-BB96-C45DE533E94F}.Release|iPhoneSimulator.ActiveCfg = Release|Any CPU
		{C327D593-F94F-4518-BB96-C45DE533E94F}.Release|iPhoneSimulator.Build.0 = Release|Any CPU
		{C327D593-F94F-4518-BB96-C45DE533E94F}.Release|iPhoneSimulator.Deploy.0 = Release|Any CPU
		{C327D593-F94F-4518-BB96-C45DE533E94F}.Release|x64.ActiveCfg = Release|Any CPU
		{C327D593-F94F-4518-BB96-C45DE533E94F}.Release|x64.Build.0 = Release|Any CPU
		{C327D593-F94F-4518-BB96-C45DE533E94F}.Release|x64.Deploy.0 = Release|Any CPU
		{C327D593-F94F-4518-BB96-C45DE533E94F}.Release|x86.ActiveCfg = Release|Any CPU
		{C327D593-F94F-4518-BB96-C45DE533E94F}.Release|x86.Build.0 = Release|Any CPU
		{C327D593-F94F-4518-BB96-C45DE533E94F}.Release|x86.Deploy.0 = Release|Any CPU
		{DADF897C-E144-4B40-880B-C4F9F3CD4C15}.Ad-Hoc|Any CPU.ActiveCfg = Ad-Hoc|iPhone
		{DADF897C-E144-4B40-880B-C4F9F3CD4C15}.Ad-Hoc|ARM.ActiveCfg = Ad-Hoc|iPhone
		{DADF897C-E144-4B40-880B-C4F9F3CD4C15}.Ad-Hoc|iPhone.ActiveCfg = Ad-Hoc|iPhone
		{DADF897C-E144-4B40-880B-C4F9F3CD4C15}.Ad-Hoc|iPhone.Build.0 = Ad-Hoc|iPhone
		{DADF897C-E144-4B40-880B-C4F9F3CD4C15}.Ad-Hoc|iPhoneSimulator.ActiveCfg = Ad-Hoc|iPhoneSimulator
		{DADF897C-E144-4B40-880B-C4F9F3CD4C15}.Ad-Hoc|iPhoneSimulator.Build.0 = Ad-Hoc|iPhoneSimulator
		{DADF897C-E144-4B40-880B-C4F9F3CD4C15}.Ad-Hoc|x64.ActiveCfg = Ad-Hoc|iPhone
		{DADF897C-E144-4B40-880B-C4F9F3CD4C15}.Ad-Hoc|x86.ActiveCfg = Ad-Hoc|iPhone
		{DADF897C-E144-4B40-880B-C4F9F3CD4C15}.AppStore|Any CPU.ActiveCfg = AppStore|iPhone
		{DADF897C-E144-4B40-880B-C4F9F3CD4C15}.AppStore|ARM.ActiveCfg = AppStore|iPhone
		{DADF897C-E144-4B40-880B-C4F9F3CD4C15}.AppStore|iPhone.ActiveCfg = AppStore|iPhone
		{DADF897C-E144-4B40-880B-C4F9F3CD4C15}.AppStore|iPhone.Build.0 = AppStore|iPhone
		{DADF897C-E144-4B40-880B-C4F9F3CD4C15}.AppStore|iPhoneSimulator.ActiveCfg = AppStore|iPhoneSimulator
		{DADF897C-E144-4B40-880B-C4F9F3CD4C15}.AppStore|iPhoneSimulator.Build.0 = AppStore|iPhoneSimulator
		{DADF897C-E144-4B40-880B-C4F9F3CD4C15}.AppStore|x64.ActiveCfg = AppStore|iPhone
		{DADF897C-E144-4B40-880B-C4F9F3CD4C15}.AppStore|x86.ActiveCfg = AppStore|iPhone
		{DADF897C-E144-4B40-880B-C4F9F3CD4C15}.Debug|Any CPU.ActiveCfg = Debug|iPhone
		{DADF897C-E144-4B40-880B-C4F9F3CD4C15}.Debug|ARM.ActiveCfg = Debug|iPhone
		{DADF897C-E144-4B40-880B-C4F9F3CD4C15}.Debug|iPhone.ActiveCfg = Debug|iPhone
		{DADF897C-E144-4B40-880B-C4F9F3CD4C15}.Debug|iPhone.Build.0 = Debug|iPhone
		{DADF897C-E144-4B40-880B-C4F9F3CD4C15}.Debug|iPhoneSimulator.ActiveCfg = Debug|iPhoneSimulator
		{DADF897C-E144-4B40-880B-C4F9F3CD4C15}.Debug|iPhoneSimulator.Build.0 = Debug|iPhoneSimulator
		{DADF897C-E144-4B40-880B-C4F9F3CD4C15}.Debug|x64.ActiveCfg = Debug|iPhone
		{DADF897C-E144-4B40-880B-C4F9F3CD4C15}.Debug|x86.ActiveCfg = Debug|iPhone
		{DADF897C-E144-4B40-880B-C4F9F3CD4C15}.Release|Any CPU.ActiveCfg = Release|iPhone
		{DADF897C-E144-4B40-880B-C4F9F3CD4C15}.Release|ARM.ActiveCfg = Release|iPhone
		{DADF897C-E144-4B40-880B-C4F9F3CD4C15}.Release|iPhone.ActiveCfg = Release|iPhone
		{DADF897C-E144-4B40-880B-C4F9F3CD4C15}.Release|iPhone.Build.0 = Release|iPhone
		{DADF897C-E144-4B40-880B-C4F9F3CD4C15}.Release|iPhoneSimulator.ActiveCfg = Release|iPhoneSimulator
		{DADF897C-E144-4B40-880B-C4F9F3CD4C15}.Release|iPhoneSimulator.Build.0 = Release|iPhoneSimulator
		{DADF897C-E144-4B40-880B-C4F9F3CD4C15}.Release|x64.ActiveCfg = Release|iPhone
		{DADF897C-E144-4B40-880B-C4F9F3CD4C15}.Release|x86.ActiveCfg = Release|iPhone
		{F586289D-8631-4FD4-BFCB-3E18B782E308}.Ad-Hoc|Any CPU.ActiveCfg = Release|x64
		{F586289D-8631-4FD4-BFCB-3E18B782E308}.Ad-Hoc|Any CPU.Build.0 = Release|x64
		{F586289D-8631-4FD4-BFCB-3E18B782E308}.Ad-Hoc|Any CPU.Deploy.0 = Release|x64
		{F586289D-8631-4FD4-BFCB-3E18B782E308}.Ad-Hoc|ARM.ActiveCfg = Release|ARM
		{F586289D-8631-4FD4-BFCB-3E18B782E308}.Ad-Hoc|ARM.Build.0 = Release|ARM
		{F586289D-8631-4FD4-BFCB-3E18B782E308}.Ad-Hoc|ARM.Deploy.0 = Release|ARM
		{F586289D-8631-4FD4-BFCB-3E18B782E308}.Ad-Hoc|iPhone.ActiveCfg = Release|x64
		{F586289D-8631-4FD4-BFCB-3E18B782E308}.Ad-Hoc|iPhone.Build.0 = Release|x64
		{F586289D-8631-4FD4-BFCB-3E18B782E308}.Ad-Hoc|iPhone.Deploy.0 = Release|x64
		{F586289D-8631-4FD4-BFCB-3E18B782E308}.Ad-Hoc|iPhoneSimulator.ActiveCfg = Release|x64
		{F586289D-8631-4FD4-BFCB-3E18B782E308}.Ad-Hoc|iPhoneSimulator.Build.0 = Release|x64
		{F586289D-8631-4FD4-BFCB-3E18B782E308}.Ad-Hoc|iPhoneSimulator.Deploy.0 = Release|x64
		{F586289D-8631-4FD4-BFCB-3E18B782E308}.Ad-Hoc|x64.ActiveCfg = Release|x64
		{F586289D-8631-4FD4-BFCB-3E18B782E308}.Ad-Hoc|x64.Build.0 = Release|x64
		{F586289D-8631-4FD4-BFCB-3E18B782E308}.Ad-Hoc|x64.Deploy.0 = Release|x64
		{F586289D-8631-4FD4-BFCB-3E18B782E308}.Ad-Hoc|x86.ActiveCfg = Release|x86
		{F586289D-8631-4FD4-BFCB-3E18B782E308}.Ad-Hoc|x86.Build.0 = Release|x86
		{F586289D-8631-4FD4-BFCB-3E18B782E308}.Ad-Hoc|x86.Deploy.0 = Release|x86
		{F586289D-8631-4FD4-BFCB-3E18B782E308}.AppStore|Any CPU.ActiveCfg = Release|x64
		{F586289D-8631-4FD4-BFCB-3E18B782E308}.AppStore|Any CPU.Build.0 = Release|x64
		{F586289D-8631-4FD4-BFCB-3E18B782E308}.AppStore|Any CPU.Deploy.0 = Release|x64
		{F586289D-8631-4FD4-BFCB-3E18B782E308}.AppStore|ARM.ActiveCfg = Release|ARM
		{F586289D-8631-4FD4-BFCB-3E18B782E308}.AppStore|ARM.Build.0 = Release|ARM
		{F586289D-8631-4FD4-BFCB-3E18B782E308}.AppStore|ARM.Deploy.0 = Release|ARM
		{F586289D-8631-4FD4-BFCB-3E18B782E308}.AppStore|iPhone.ActiveCfg = Release|x64
		{F586289D-8631-4FD4-BFCB-3E18B782E308}.AppStore|iPhone.Build.0 = Release|x64
		{F586289D-8631-4FD4-BFCB-3E18B782E308}.AppStore|iPhone.Deploy.0 = Release|x64
		{F586289D-8631-4FD4-BFCB-3E18B782E308}.AppStore|iPhoneSimulator.ActiveCfg = Release|x64
		{F586289D-8631-4FD4-BFCB-3E18B782E308}.AppStore|iPhoneSimulator.Build.0 = Release|x64
		{F586289D-8631-4FD4-BFCB-3E18B782E308}.AppStore|iPhoneSimulator.Deploy.0 = Release|x64
		{F586289D-8631-4FD4-BFCB-3E18B782E308}.AppStore|x64.ActiveCfg = Release|x64
		{F586289D-8631-4FD4-BFCB-3E18B782E308}.AppStore|x64.Build.0 = Release|x64
		{F586289D-8631-4FD4-BFCB-3E18B782E308}.AppStore|x64.Deploy.0 = Release|x64
		{F586289D-8631-4FD4-BFCB-3E18B782E308}.AppStore|x86.ActiveCfg = Release|x86
		{F586289D-8631-4FD4-BFCB-3E18B782E308}.AppStore|x86.Build.0 = Release|x86
		{F586289D-8631-4FD4-BFCB-3E18B782E308}.AppStore|x86.Deploy.0 = Release|x86
		{F586289D-8631-4FD4-BFCB-3E18B782E308}.Debug|Any CPU.ActiveCfg = Debug|x86
		{F586289D-8631-4FD4-BFCB-3E18B782E308}.Debug|ARM.ActiveCfg = Debug|ARM
		{F586289D-8631-4FD4-BFCB-3E18B782E308}.Debug|ARM.Build.0 = Debug|ARM
		{F586289D-8631-4FD4-BFCB-3E18B782E308}.Debug|ARM.Deploy.0 = Debug|ARM
		{F586289D-8631-4FD4-BFCB-3E18B782E308}.Debug|iPhone.ActiveCfg = Debug|x86
		{F586289D-8631-4FD4-BFCB-3E18B782E308}.Debug|iPhoneSimulator.ActiveCfg = Debug|x86
		{F586289D-8631-4FD4-BFCB-3E18B782E308}.Debug|x64.ActiveCfg = Debug|x64
		{F586289D-8631-4FD4-BFCB-3E18B782E308}.Debug|x64.Build.0 = Debug|x64
		{F586289D-8631-4FD4-BFCB-3E18B782E308}.Debug|x64.Deploy.0 = Debug|x64
		{F586289D-8631-4FD4-BFCB-3E18B782E308}.Debug|x86.ActiveCfg = Debug|x86
		{F586289D-8631-4FD4-BFCB-3E18B782E308}.Debug|x86.Build.0 = Debug|x86
		{F586289D-8631-4FD4-BFCB-3E18B782E308}.Debug|x86.Deploy.0 = Debug|x86
		{F586289D-8631-4FD4-BFCB-3E18B782E308}.Release|Any CPU.ActiveCfg = Release|x86
		{F586289D-8631-4FD4-BFCB-3E18B782E308}.Release|ARM.ActiveCfg = Release|ARM
		{F586289D-8631-4FD4-BFCB-3E18B782E308}.Release|ARM.Build.0 = Release|ARM
		{F586289D-8631-4FD4-BFCB-3E18B782E308}.Release|ARM.Deploy.0 = Release|ARM
		{F586289D-8631-4FD4-BFCB-3E18B782E308}.Release|iPhone.ActiveCfg = Release|x86
		{F586289D-8631-4FD4-BFCB-3E18B782E308}.Release|iPhoneSimulator.ActiveCfg = Release|x86
		{F586289D-8631-4FD4-BFCB-3E18B782E308}.Release|x64.ActiveCfg = Release|x64
		{F586289D-8631-4FD4-BFCB-3E18B782E308}.Release|x64.Build.0 = Release|x64
		{F586289D-8631-4FD4-BFCB-3E18B782E308}.Release|x64.Deploy.0 = Release|x64
		{F586289D-8631-4FD4-BFCB-3E18B782E308}.Release|x86.ActiveCfg = Release|x86
		{F586289D-8631-4FD4-BFCB-3E18B782E308}.Release|x86.Build.0 = Release|x86
		{F586289D-8631-4FD4-BFCB-3E18B782E308}.Release|x86.Deploy.0 = Release|x86
		{3465C1A4-A503-4B1C-B5F5-338DA4EEDEB5}.Ad-Hoc|Any CPU.ActiveCfg = Debug|Any CPU
		{3465C1A4-A503-4B1C-B5F5-338DA4EEDEB5}.Ad-Hoc|Any CPU.Build.0 = Debug|Any CPU
		{3465C1A4-A503-4B1C-B5F5-338DA4EEDEB5}.Ad-Hoc|ARM.ActiveCfg = Debug|Any CPU
		{3465C1A4-A503-4B1C-B5F5-338DA4EEDEB5}.Ad-Hoc|ARM.Build.0 = Debug|Any CPU
		{3465C1A4-A503-4B1C-B5F5-338DA4EEDEB5}.Ad-Hoc|iPhone.ActiveCfg = Debug|Any CPU
		{3465C1A4-A503-4B1C-B5F5-338DA4EEDEB5}.Ad-Hoc|iPhone.Build.0 = Debug|Any CPU
		{3465C1A4-A503-4B1C-B5F5-338DA4EEDEB5}.Ad-Hoc|iPhoneSimulator.ActiveCfg = Debug|Any CPU
		{3465C1A4-A503-4B1C-B5F5-338DA4EEDEB5}.Ad-Hoc|iPhoneSimulator.Build.0 = Debug|Any CPU
		{3465C1A4-A503-4B1C-B5F5-338DA4EEDEB5}.Ad-Hoc|x64.ActiveCfg = Debug|Any CPU
		{3465C1A4-A503-4B1C-B5F5-338DA4EEDEB5}.Ad-Hoc|x64.Build.0 = Debug|Any CPU
		{3465C1A4-A503-4B1C-B5F5-338DA4EEDEB5}.Ad-Hoc|x86.ActiveCfg = Debug|Any CPU
		{3465C1A4-A503-4B1C-B5F5-338DA4EEDEB5}.Ad-Hoc|x86.Build.0 = Debug|Any CPU
		{3465C1A4-A503-4B1C-B5F5-338DA4EEDEB5}.AppStore|Any CPU.ActiveCfg = Debug|Any CPU
		{3465C1A4-A503-4B1C-B5F5-338DA4EEDEB5}.AppStore|Any CPU.Build.0 = Debug|Any CPU
		{3465C1A4-A503-4B1C-B5F5-338DA4EEDEB5}.AppStore|ARM.ActiveCfg = Debug|Any CPU
		{3465C1A4-A503-4B1C-B5F5-338DA4EEDEB5}.AppStore|ARM.Build.0 = Debug|Any CPU
		{3465C1A4-A503-4B1C-B5F5-338DA4EEDEB5}.AppStore|iPhone.ActiveCfg = Debug|Any CPU
		{3465C1A4-A503-4B1C-B5F5-338DA4EEDEB5}.AppStore|iPhone.Build.0 = Debug|Any CPU
		{3465C1A4-A503-4B1C-B5F5-338DA4EEDEB5}.AppStore|iPhoneSimulator.ActiveCfg = Debug|Any CPU
		{3465C1A4-A503-4B1C-B5F5-338DA4EEDEB5}.AppStore|iPhoneSimulator.Build.0 = Debug|Any CPU
		{3465C1A4-A503-4B1C-B5F5-338DA4EEDEB5}.AppStore|x64.ActiveCfg = Debug|Any CPU
		{3465C1A4-A503-4B1C-B5F5-338DA4EEDEB5}.AppStore|x64.Build.0 = Debug|Any CPU
		{3465C1A4-A503-4B1C-B5F5-338DA4EEDEB5}.AppStore|x86.ActiveCfg = Debug|Any CPU
		{3465C1A4-A503-4B1C-B5F5-338DA4EEDEB5}.AppStore|x86.Build.0 = Debug|Any CPU
		{3465C1A4-A503-4B1C-B5F5-338DA4EEDEB5}.Debug|Any CPU.ActiveCfg = Debug|Any CPU
		{3465C1A4-A503-4B1C-B5F5-338DA4EEDEB5}.Debug|Any CPU.Build.0 = Debug|Any CPU
		{3465C1A4-A503-4B1C-B5F5-338DA4EEDEB5}.Debug|ARM.ActiveCfg = Debug|Any CPU
		{3465C1A4-A503-4B1C-B5F5-338DA4EEDEB5}.Debug|ARM.Build.0 = Debug|Any CPU
		{3465C1A4-A503-4B1C-B5F5-338DA4EEDEB5}.Debug|iPhone.ActiveCfg = Debug|Any CPU
		{3465C1A4-A503-4B1C-B5F5-338DA4EEDEB5}.Debug|iPhone.Build.0 = Debug|Any CPU
		{3465C1A4-A503-4B1C-B5F5-338DA4EEDEB5}.Debug|iPhoneSimulator.ActiveCfg = Debug|Any CPU
		{3465C1A4-A503-4B1C-B5F5-338DA4EEDEB5}.Debug|iPhoneSimulator.Build.0 = Debug|Any CPU
		{3465C1A4-A503-4B1C-B5F5-338DA4EEDEB5}.Debug|x64.ActiveCfg = Debug|Any CPU
		{3465C1A4-A503-4B1C-B5F5-338DA4EEDEB5}.Debug|x64.Build.0 = Debug|Any CPU
		{3465C1A4-A503-4B1C-B5F5-338DA4EEDEB5}.Debug|x86.ActiveCfg = Debug|Any CPU
		{3465C1A4-A503-4B1C-B5F5-338DA4EEDEB5}.Debug|x86.Build.0 = Debug|Any CPU
		{3465C1A4-A503-4B1C-B5F5-338DA4EEDEB5}.Release|Any CPU.ActiveCfg = Release|Any CPU
		{3465C1A4-A503-4B1C-B5F5-338DA4EEDEB5}.Release|Any CPU.Build.0 = Release|Any CPU
		{3465C1A4-A503-4B1C-B5F5-338DA4EEDEB5}.Release|ARM.ActiveCfg = Release|Any CPU
		{3465C1A4-A503-4B1C-B5F5-338DA4EEDEB5}.Release|ARM.Build.0 = Release|Any CPU
		{3465C1A4-A503-4B1C-B5F5-338DA4EEDEB5}.Release|iPhone.ActiveCfg = Release|Any CPU
		{3465C1A4-A503-4B1C-B5F5-338DA4EEDEB5}.Release|iPhone.Build.0 = Release|Any CPU
		{3465C1A4-A503-4B1C-B5F5-338DA4EEDEB5}.Release|iPhoneSimulator.ActiveCfg = Release|Any CPU
		{3465C1A4-A503-4B1C-B5F5-338DA4EEDEB5}.Release|iPhoneSimulator.Build.0 = Release|Any CPU
		{3465C1A4-A503-4B1C-B5F5-338DA4EEDEB5}.Release|x64.ActiveCfg = Release|Any CPU
		{3465C1A4-A503-4B1C-B5F5-338DA4EEDEB5}.Release|x64.Build.0 = Release|Any CPU
		{3465C1A4-A503-4B1C-B5F5-338DA4EEDEB5}.Release|x86.ActiveCfg = Release|Any CPU
		{3465C1A4-A503-4B1C-B5F5-338DA4EEDEB5}.Release|x86.Build.0 = Release|Any CPU
		{EE2991D5-6F55-4221-B2F9-1913FDE2174B}.Ad-Hoc|Any CPU.ActiveCfg = Debug|Any CPU
		{EE2991D5-6F55-4221-B2F9-1913FDE2174B}.Ad-Hoc|Any CPU.Build.0 = Debug|Any CPU
		{EE2991D5-6F55-4221-B2F9-1913FDE2174B}.Ad-Hoc|ARM.ActiveCfg = Debug|Any CPU
		{EE2991D5-6F55-4221-B2F9-1913FDE2174B}.Ad-Hoc|ARM.Build.0 = Debug|Any CPU
		{EE2991D5-6F55-4221-B2F9-1913FDE2174B}.Ad-Hoc|iPhone.ActiveCfg = Debug|Any CPU
		{EE2991D5-6F55-4221-B2F9-1913FDE2174B}.Ad-Hoc|iPhone.Build.0 = Debug|Any CPU
		{EE2991D5-6F55-4221-B2F9-1913FDE2174B}.Ad-Hoc|iPhoneSimulator.ActiveCfg = Debug|Any CPU
		{EE2991D5-6F55-4221-B2F9-1913FDE2174B}.Ad-Hoc|iPhoneSimulator.Build.0 = Debug|Any CPU
		{EE2991D5-6F55-4221-B2F9-1913FDE2174B}.Ad-Hoc|x64.ActiveCfg = Debug|Any CPU
		{EE2991D5-6F55-4221-B2F9-1913FDE2174B}.Ad-Hoc|x64.Build.0 = Debug|Any CPU
		{EE2991D5-6F55-4221-B2F9-1913FDE2174B}.Ad-Hoc|x86.ActiveCfg = Debug|Any CPU
		{EE2991D5-6F55-4221-B2F9-1913FDE2174B}.Ad-Hoc|x86.Build.0 = Debug|Any CPU
		{EE2991D5-6F55-4221-B2F9-1913FDE2174B}.AppStore|Any CPU.ActiveCfg = Debug|Any CPU
		{EE2991D5-6F55-4221-B2F9-1913FDE2174B}.AppStore|Any CPU.Build.0 = Debug|Any CPU
		{EE2991D5-6F55-4221-B2F9-1913FDE2174B}.AppStore|ARM.ActiveCfg = Debug|Any CPU
		{EE2991D5-6F55-4221-B2F9-1913FDE2174B}.AppStore|ARM.Build.0 = Debug|Any CPU
		{EE2991D5-6F55-4221-B2F9-1913FDE2174B}.AppStore|iPhone.ActiveCfg = Debug|Any CPU
		{EE2991D5-6F55-4221-B2F9-1913FDE2174B}.AppStore|iPhone.Build.0 = Debug|Any CPU
		{EE2991D5-6F55-4221-B2F9-1913FDE2174B}.AppStore|iPhoneSimulator.ActiveCfg = Debug|Any CPU
		{EE2991D5-6F55-4221-B2F9-1913FDE2174B}.AppStore|iPhoneSimulator.Build.0 = Debug|Any CPU
		{EE2991D5-6F55-4221-B2F9-1913FDE2174B}.AppStore|x64.ActiveCfg = Debug|Any CPU
		{EE2991D5-6F55-4221-B2F9-1913FDE2174B}.AppStore|x64.Build.0 = Debug|Any CPU
		{EE2991D5-6F55-4221-B2F9-1913FDE2174B}.AppStore|x86.ActiveCfg = Debug|Any CPU
		{EE2991D5-6F55-4221-B2F9-1913FDE2174B}.AppStore|x86.Build.0 = Debug|Any CPU
		{EE2991D5-6F55-4221-B2F9-1913FDE2174B}.Debug|Any CPU.ActiveCfg = Debug|Any CPU
		{EE2991D5-6F55-4221-B2F9-1913FDE2174B}.Debug|Any CPU.Build.0 = Debug|Any CPU
		{EE2991D5-6F55-4221-B2F9-1913FDE2174B}.Debug|ARM.ActiveCfg = Debug|Any CPU
		{EE2991D5-6F55-4221-B2F9-1913FDE2174B}.Debug|ARM.Build.0 = Debug|Any CPU
		{EE2991D5-6F55-4221-B2F9-1913FDE2174B}.Debug|iPhone.ActiveCfg = Debug|Any CPU
		{EE2991D5-6F55-4221-B2F9-1913FDE2174B}.Debug|iPhone.Build.0 = Debug|Any CPU
		{EE2991D5-6F55-4221-B2F9-1913FDE2174B}.Debug|iPhoneSimulator.ActiveCfg = Debug|Any CPU
		{EE2991D5-6F55-4221-B2F9-1913FDE2174B}.Debug|iPhoneSimulator.Build.0 = Debug|Any CPU
		{EE2991D5-6F55-4221-B2F9-1913FDE2174B}.Debug|x64.ActiveCfg = Debug|Any CPU
		{EE2991D5-6F55-4221-B2F9-1913FDE2174B}.Debug|x64.Build.0 = Debug|Any CPU
		{EE2991D5-6F55-4221-B2F9-1913FDE2174B}.Debug|x86.ActiveCfg = Debug|Any CPU
		{EE2991D5-6F55-4221-B2F9-1913FDE2174B}.Debug|x86.Build.0 = Debug|Any CPU
		{EE2991D5-6F55-4221-B2F9-1913FDE2174B}.Release|Any CPU.ActiveCfg = Release|Any CPU
		{EE2991D5-6F55-4221-B2F9-1913FDE2174B}.Release|Any CPU.Build.0 = Release|Any CPU
		{EE2991D5-6F55-4221-B2F9-1913FDE2174B}.Release|ARM.ActiveCfg = Release|Any CPU
		{EE2991D5-6F55-4221-B2F9-1913FDE2174B}.Release|ARM.Build.0 = Release|Any CPU
		{EE2991D5-6F55-4221-B2F9-1913FDE2174B}.Release|iPhone.ActiveCfg = Release|Any CPU
		{EE2991D5-6F55-4221-B2F9-1913FDE2174B}.Release|iPhone.Build.0 = Release|Any CPU
		{EE2991D5-6F55-4221-B2F9-1913FDE2174B}.Release|iPhoneSimulator.ActiveCfg = Release|Any CPU
		{EE2991D5-6F55-4221-B2F9-1913FDE2174B}.Release|iPhoneSimulator.Build.0 = Release|Any CPU
		{EE2991D5-6F55-4221-B2F9-1913FDE2174B}.Release|x64.ActiveCfg = Release|Any CPU
		{EE2991D5-6F55-4221-B2F9-1913FDE2174B}.Release|x64.Build.0 = Release|Any CPU
		{EE2991D5-6F55-4221-B2F9-1913FDE2174B}.Release|x86.ActiveCfg = Release|Any CPU
		{EE2991D5-6F55-4221-B2F9-1913FDE2174B}.Release|x86.Build.0 = Release|Any CPU
		{F3674B6C-9EE6-4997-B513-8FF78067A8F6}.Ad-Hoc|Any CPU.ActiveCfg = Debug|Any CPU
		{F3674B6C-9EE6-4997-B513-8FF78067A8F6}.Ad-Hoc|Any CPU.Build.0 = Debug|Any CPU
		{F3674B6C-9EE6-4997-B513-8FF78067A8F6}.Ad-Hoc|ARM.ActiveCfg = Debug|Any CPU
		{F3674B6C-9EE6-4997-B513-8FF78067A8F6}.Ad-Hoc|ARM.Build.0 = Debug|Any CPU
		{F3674B6C-9EE6-4997-B513-8FF78067A8F6}.Ad-Hoc|iPhone.ActiveCfg = Debug|Any CPU
		{F3674B6C-9EE6-4997-B513-8FF78067A8F6}.Ad-Hoc|iPhone.Build.0 = Debug|Any CPU
		{F3674B6C-9EE6-4997-B513-8FF78067A8F6}.Ad-Hoc|iPhoneSimulator.ActiveCfg = Debug|Any CPU
		{F3674B6C-9EE6-4997-B513-8FF78067A8F6}.Ad-Hoc|iPhoneSimulator.Build.0 = Debug|Any CPU
		{F3674B6C-9EE6-4997-B513-8FF78067A8F6}.Ad-Hoc|x64.ActiveCfg = Debug|Any CPU
		{F3674B6C-9EE6-4997-B513-8FF78067A8F6}.Ad-Hoc|x64.Build.0 = Debug|Any CPU
		{F3674B6C-9EE6-4997-B513-8FF78067A8F6}.Ad-Hoc|x86.ActiveCfg = Debug|Any CPU
		{F3674B6C-9EE6-4997-B513-8FF78067A8F6}.Ad-Hoc|x86.Build.0 = Debug|Any CPU
		{F3674B6C-9EE6-4997-B513-8FF78067A8F6}.AppStore|Any CPU.ActiveCfg = Debug|Any CPU
		{F3674B6C-9EE6-4997-B513-8FF78067A8F6}.AppStore|Any CPU.Build.0 = Debug|Any CPU
		{F3674B6C-9EE6-4997-B513-8FF78067A8F6}.AppStore|ARM.ActiveCfg = Debug|Any CPU
		{F3674B6C-9EE6-4997-B513-8FF78067A8F6}.AppStore|ARM.Build.0 = Debug|Any CPU
		{F3674B6C-9EE6-4997-B513-8FF78067A8F6}.AppStore|iPhone.ActiveCfg = Debug|Any CPU
		{F3674B6C-9EE6-4997-B513-8FF78067A8F6}.AppStore|iPhone.Build.0 = Debug|Any CPU
		{F3674B6C-9EE6-4997-B513-8FF78067A8F6}.AppStore|iPhoneSimulator.ActiveCfg = Debug|Any CPU
		{F3674B6C-9EE6-4997-B513-8FF78067A8F6}.AppStore|iPhoneSimulator.Build.0 = Debug|Any CPU
		{F3674B6C-9EE6-4997-B513-8FF78067A8F6}.AppStore|x64.ActiveCfg = Debug|Any CPU
		{F3674B6C-9EE6-4997-B513-8FF78067A8F6}.AppStore|x64.Build.0 = Debug|Any CPU
		{F3674B6C-9EE6-4997-B513-8FF78067A8F6}.AppStore|x86.ActiveCfg = Debug|Any CPU
		{F3674B6C-9EE6-4997-B513-8FF78067A8F6}.AppStore|x86.Build.0 = Debug|Any CPU
		{F3674B6C-9EE6-4997-B513-8FF78067A8F6}.Debug|Any CPU.ActiveCfg = Debug|Any CPU
		{F3674B6C-9EE6-4997-B513-8FF78067A8F6}.Debug|Any CPU.Build.0 = Debug|Any CPU
		{F3674B6C-9EE6-4997-B513-8FF78067A8F6}.Debug|ARM.ActiveCfg = Debug|Any CPU
		{F3674B6C-9EE6-4997-B513-8FF78067A8F6}.Debug|ARM.Build.0 = Debug|Any CPU
		{F3674B6C-9EE6-4997-B513-8FF78067A8F6}.Debug|iPhone.ActiveCfg = Debug|Any CPU
		{F3674B6C-9EE6-4997-B513-8FF78067A8F6}.Debug|iPhone.Build.0 = Debug|Any CPU
		{F3674B6C-9EE6-4997-B513-8FF78067A8F6}.Debug|iPhoneSimulator.ActiveCfg = Debug|Any CPU
		{F3674B6C-9EE6-4997-B513-8FF78067A8F6}.Debug|iPhoneSimulator.Build.0 = Debug|Any CPU
		{F3674B6C-9EE6-4997-B513-8FF78067A8F6}.Debug|x64.ActiveCfg = Debug|Any CPU
		{F3674B6C-9EE6-4997-B513-8FF78067A8F6}.Debug|x64.Build.0 = Debug|Any CPU
		{F3674B6C-9EE6-4997-B513-8FF78067A8F6}.Debug|x86.ActiveCfg = Debug|Any CPU
		{F3674B6C-9EE6-4997-B513-8FF78067A8F6}.Debug|x86.Build.0 = Debug|Any CPU
		{F3674B6C-9EE6-4997-B513-8FF78067A8F6}.Release|Any CPU.ActiveCfg = Release|Any CPU
		{F3674B6C-9EE6-4997-B513-8FF78067A8F6}.Release|Any CPU.Build.0 = Release|Any CPU
		{F3674B6C-9EE6-4997-B513-8FF78067A8F6}.Release|ARM.ActiveCfg = Release|Any CPU
		{F3674B6C-9EE6-4997-B513-8FF78067A8F6}.Release|ARM.Build.0 = Release|Any CPU
		{F3674B6C-9EE6-4997-B513-8FF78067A8F6}.Release|iPhone.ActiveCfg = Release|Any CPU
		{F3674B6C-9EE6-4997-B513-8FF78067A8F6}.Release|iPhone.Build.0 = Release|Any CPU
		{F3674B6C-9EE6-4997-B513-8FF78067A8F6}.Release|iPhoneSimulator.ActiveCfg = Release|Any CPU
		{F3674B6C-9EE6-4997-B513-8FF78067A8F6}.Release|iPhoneSimulator.Build.0 = Release|Any CPU
		{F3674B6C-9EE6-4997-B513-8FF78067A8F6}.Release|x64.ActiveCfg = Release|Any CPU
		{F3674B6C-9EE6-4997-B513-8FF78067A8F6}.Release|x64.Build.0 = Release|Any CPU
		{F3674B6C-9EE6-4997-B513-8FF78067A8F6}.Release|x86.ActiveCfg = Release|Any CPU
		{F3674B6C-9EE6-4997-B513-8FF78067A8F6}.Release|x86.Build.0 = Release|Any CPU
		{40D2C3BD-5463-461D-9F7E-F97D1EC72F70}.Ad-Hoc|Any CPU.ActiveCfg = Debug|Any CPU
		{40D2C3BD-5463-461D-9F7E-F97D1EC72F70}.Ad-Hoc|Any CPU.Build.0 = Debug|Any CPU
		{40D2C3BD-5463-461D-9F7E-F97D1EC72F70}.Ad-Hoc|ARM.ActiveCfg = Debug|Any CPU
		{40D2C3BD-5463-461D-9F7E-F97D1EC72F70}.Ad-Hoc|ARM.Build.0 = Debug|Any CPU
		{40D2C3BD-5463-461D-9F7E-F97D1EC72F70}.Ad-Hoc|iPhone.ActiveCfg = Debug|Any CPU
		{40D2C3BD-5463-461D-9F7E-F97D1EC72F70}.Ad-Hoc|iPhone.Build.0 = Debug|Any CPU
		{40D2C3BD-5463-461D-9F7E-F97D1EC72F70}.Ad-Hoc|iPhoneSimulator.ActiveCfg = Debug|Any CPU
		{40D2C3BD-5463-461D-9F7E-F97D1EC72F70}.Ad-Hoc|iPhoneSimulator.Build.0 = Debug|Any CPU
		{40D2C3BD-5463-461D-9F7E-F97D1EC72F70}.Ad-Hoc|x64.ActiveCfg = Debug|Any CPU
		{40D2C3BD-5463-461D-9F7E-F97D1EC72F70}.Ad-Hoc|x64.Build.0 = Debug|Any CPU
		{40D2C3BD-5463-461D-9F7E-F97D1EC72F70}.Ad-Hoc|x86.ActiveCfg = Debug|Any CPU
		{40D2C3BD-5463-461D-9F7E-F97D1EC72F70}.Ad-Hoc|x86.Build.0 = Debug|Any CPU
		{40D2C3BD-5463-461D-9F7E-F97D1EC72F70}.AppStore|Any CPU.ActiveCfg = Debug|Any CPU
		{40D2C3BD-5463-461D-9F7E-F97D1EC72F70}.AppStore|Any CPU.Build.0 = Debug|Any CPU
		{40D2C3BD-5463-461D-9F7E-F97D1EC72F70}.AppStore|ARM.ActiveCfg = Debug|Any CPU
		{40D2C3BD-5463-461D-9F7E-F97D1EC72F70}.AppStore|ARM.Build.0 = Debug|Any CPU
		{40D2C3BD-5463-461D-9F7E-F97D1EC72F70}.AppStore|iPhone.ActiveCfg = Debug|Any CPU
		{40D2C3BD-5463-461D-9F7E-F97D1EC72F70}.AppStore|iPhone.Build.0 = Debug|Any CPU
		{40D2C3BD-5463-461D-9F7E-F97D1EC72F70}.AppStore|iPhoneSimulator.ActiveCfg = Debug|Any CPU
		{40D2C3BD-5463-461D-9F7E-F97D1EC72F70}.AppStore|iPhoneSimulator.Build.0 = Debug|Any CPU
		{40D2C3BD-5463-461D-9F7E-F97D1EC72F70}.AppStore|x64.ActiveCfg = Debug|Any CPU
		{40D2C3BD-5463-461D-9F7E-F97D1EC72F70}.AppStore|x64.Build.0 = Debug|Any CPU
		{40D2C3BD-5463-461D-9F7E-F97D1EC72F70}.AppStore|x86.ActiveCfg = Debug|Any CPU
		{40D2C3BD-5463-461D-9F7E-F97D1EC72F70}.AppStore|x86.Build.0 = Debug|Any CPU
		{40D2C3BD-5463-461D-9F7E-F97D1EC72F70}.Debug|Any CPU.ActiveCfg = Debug|Any CPU
		{40D2C3BD-5463-461D-9F7E-F97D1EC72F70}.Debug|Any CPU.Build.0 = Debug|Any CPU
		{40D2C3BD-5463-461D-9F7E-F97D1EC72F70}.Debug|ARM.ActiveCfg = Debug|Any CPU
		{40D2C3BD-5463-461D-9F7E-F97D1EC72F70}.Debug|ARM.Build.0 = Debug|Any CPU
		{40D2C3BD-5463-461D-9F7E-F97D1EC72F70}.Debug|iPhone.ActiveCfg = Debug|Any CPU
		{40D2C3BD-5463-461D-9F7E-F97D1EC72F70}.Debug|iPhone.Build.0 = Debug|Any CPU
		{40D2C3BD-5463-461D-9F7E-F97D1EC72F70}.Debug|iPhoneSimulator.ActiveCfg = Debug|Any CPU
		{40D2C3BD-5463-461D-9F7E-F97D1EC72F70}.Debug|iPhoneSimulator.Build.0 = Debug|Any CPU
		{40D2C3BD-5463-461D-9F7E-F97D1EC72F70}.Debug|x64.ActiveCfg = Debug|Any CPU
		{40D2C3BD-5463-461D-9F7E-F97D1EC72F70}.Debug|x64.Build.0 = Debug|Any CPU
		{40D2C3BD-5463-461D-9F7E-F97D1EC72F70}.Debug|x86.ActiveCfg = Debug|Any CPU
		{40D2C3BD-5463-461D-9F7E-F97D1EC72F70}.Debug|x86.Build.0 = Debug|Any CPU
		{40D2C3BD-5463-461D-9F7E-F97D1EC72F70}.Release|Any CPU.ActiveCfg = Release|Any CPU
		{40D2C3BD-5463-461D-9F7E-F97D1EC72F70}.Release|Any CPU.Build.0 = Release|Any CPU
		{40D2C3BD-5463-461D-9F7E-F97D1EC72F70}.Release|ARM.ActiveCfg = Release|Any CPU
		{40D2C3BD-5463-461D-9F7E-F97D1EC72F70}.Release|ARM.Build.0 = Release|Any CPU
		{40D2C3BD-5463-461D-9F7E-F97D1EC72F70}.Release|iPhone.ActiveCfg = Release|Any CPU
		{40D2C3BD-5463-461D-9F7E-F97D1EC72F70}.Release|iPhone.Build.0 = Release|Any CPU
		{40D2C3BD-5463-461D-9F7E-F97D1EC72F70}.Release|iPhoneSimulator.ActiveCfg = Release|Any CPU
		{40D2C3BD-5463-461D-9F7E-F97D1EC72F70}.Release|iPhoneSimulator.Build.0 = Release|Any CPU
		{40D2C3BD-5463-461D-9F7E-F97D1EC72F70}.Release|x64.ActiveCfg = Release|Any CPU
		{40D2C3BD-5463-461D-9F7E-F97D1EC72F70}.Release|x64.Build.0 = Release|Any CPU
		{40D2C3BD-5463-461D-9F7E-F97D1EC72F70}.Release|x86.ActiveCfg = Release|Any CPU
		{40D2C3BD-5463-461D-9F7E-F97D1EC72F70}.Release|x86.Build.0 = Release|Any CPU
	EndGlobalSection
	GlobalSection(SolutionProperties) = preSolution
		HideSolutionNode = FALSE
	EndGlobalSection
	GlobalSection(ExtensibilityGlobals) = postSolution
		SolutionGuid = {488D3EC4-6D40-45A4-ACBB-37DDA9F0C7E8}
	EndGlobalSection
EndGlobal
